{
  "requires": true,
  "lockfileVersion": 1,
  "dependencies": {
    "imask": {
      "version": "6.0.7",
      "resolved": "https://registry.npmjs.org/imask/-/imask-6.0.7.tgz",
      "integrity": "sha512-zyiKRSzuocb2adasVSz0ku9xxejDRs5wME7Dt5Uk1l83HGBFUP7A8y8Z6TytLCtCiS/A1aArlCTqLcOkoVNbNQ=="
    }
  }
}
