
Microsoft Visual Studio Solution File, Format Version 12.00
# Visual Studio Version 16
VisualStudioVersion = 16.0.30611.23
MinimumVisualStudioVersion = 10.0.40219.1
Project("{9A19103F-16F7-4668-BE54-9A1E7A4F7556}") = "KAIROSV2.WebApp", "KAIROSV2.WebApp\KAIROSV2.WebApp.csproj", "{581E23E9-9153-4D58-B723-29E3F21490F6}"
EndProject
Project("{2150E333-8FDC-42A3-9474-1A3956D46DE8}") = "Host", "Host", "{5E20A0BF-F5D8-42D6-BEBD-FCB562A23992}"
EndProject
Project("{2150E333-8FDC-42A3-9474-1A3956D46DE8}") = "Data Access", "Data Access", "{119DC5DF-BDBF-4A6C-A84E-E163E2F99CA1}"
EndProject
Project("{2150E333-8FDC-42A3-9474-1A3956D46DE8}") = "Businnes", "Businnes", "{B9D9D07E-7321-40FF-8BF2-D2E5E22A226B}"
EndProject
Project("{9A19103F-16F7-4668-BE54-9A1E7A4F7556}") = "KAIROSV2.Data", "KAIROSV2.Data\KAIROSV2.Data.csproj", "{ACE700C0-E085-4099-B5A5-2DF017CCAFCD}"
	ProjectSection(ProjectDependencies) = postProject
		{C10ADCB6-9D1E-4E9A-959B-64E384C10466} = {C10ADCB6-9D1E-4E9A-959B-64E384C10466}
	EndProjectSection
EndProject
Project("{9A19103F-16F7-4668-BE54-9A1E7A4F7556}") = "KAIROSV2.Data.Contracts", "KAIROSV2.Data.Contracts\KAIROSV2.Data.Contracts.csproj", "{5E6C84D1-583D-47CA-B5B6-7D8275A33E67}"
EndProject
Project("{9A19103F-16F7-4668-BE54-9A1E7A4F7556}") = "KAIROSV2.Business.Entities", "KAIROSV2.Business.Entities\KAIROSV2.Business.Entities.csproj", "{62662EB8-C37E-4B06-95EC-773BD6BA8552}"
EndProject
Project("{9A19103F-16F7-4668-BE54-9A1E7A4F7556}") = "KAIROSV2.Business.Managers", "KAIROSV2.Business.Managers\KAIROSV2.Business.Managers.csproj", "{8FBF1F7E-041C-45B6-8115-B1614B67551D}"
EndProject
Project("{9A19103F-16F7-4668-BE54-9A1E7A4F7556}") = "KAIROSV2.Business.Engines", "KAIROSV2.Business.Engines\KAIROSV2.Business.Engines.csproj", "{28F2FEA0-03D0-47ED-9DC0-ADEB35F0843D}"
EndProject
Project("{9A19103F-16F7-4668-BE54-9A1E7A4F7556}") = "KAIROSV2.Business.Contracts", "KAIROSV2.Business.Contracts\KAIROSV2.Business.Contracts.csproj", "{CD11995D-AB02-4546-A42A-4229B2640811}"
EndProject
Project("{2150E333-8FDC-42A3-9474-1A3956D46DE8}") = "Tests", "Tests", "{7B31C686-AC62-49C4-96C4-15E4A5348A75}"
EndProject
Project("{9A19103F-16F7-4668-BE54-9A1E7A4F7556}") = "KAIROSV2.WebApp.Tests", "KAIROSV2.WebApp.Tests\KAIROSV2.WebApp.Tests.csproj", "{0EFFB796-464B-4F37-A77F-D963C3C64B14}"
EndProject
Project("{9A19103F-16F7-4668-BE54-9A1E7A4F7556}") = "KAIROSV2.Business.Engines.Tests", "KAIROSV2.Business.Engines.Tests\KAIROSV2.Business.Engines.Tests.csproj", "{55CC69F7-A573-45C5-A6FE-DA50C925ECA4}"
EndProject
Project("{9A19103F-16F7-4668-BE54-9A1E7A4F7556}") = "KAIROSV2.Business.Managers.Tests", "KAIROSV2.Business.Managers.Tests\KAIROSV2.Business.Managers.Tests.csproj", "{C9749579-8D0A-401E-A3E6-6CA008159565}"
EndProject
Project("{9A19103F-16F7-4668-BE54-9A1E7A4F7556}") = "KAIROSV2.Business.Common", "KAIROSV2.Business.Common\KAIROSV2.Business.Common.csproj", "{C10ADCB6-9D1E-4E9A-959B-64E384C10466}"
EndProject
Project("{2150E333-8FDC-42A3-9474-1A3956D46DE8}") = "Solution Items", "Solution Items", "{E39590D6-D9E3-49AA-ADD7-1A2403DB327A}"
	ProjectSection(SolutionItems) = preProject
		.editorconfig = .editorconfig
	EndProjectSection
EndProject
Global
	GlobalSection(SolutionConfigurationPlatforms) = preSolution
		Debug|Any CPU = Debug|Any CPU
		Release|Any CPU = Release|Any CPU
	EndGlobalSection
	GlobalSection(ProjectConfigurationPlatforms) = postSolution
		{581E23E9-9153-4D58-B723-29E3F21490F6}.Debug|Any CPU.ActiveCfg = Debug|Any CPU
		{581E23E9-9153-4D58-B723-29E3F21490F6}.Debug|Any CPU.Build.0 = Debug|Any CPU
		{581E23E9-9153-4D58-B723-29E3F21490F6}.Release|Any CPU.ActiveCfg = Release|Any CPU
		{581E23E9-9153-4D58-B723-29E3F21490F6}.Release|Any CPU.Build.0 = Release|Any CPU
		{ACE700C0-E085-4099-B5A5-2DF017CCAFCD}.Debug|Any CPU.ActiveCfg = Debug|Any CPU
		{ACE700C0-E085-4099-B5A5-2DF017CCAFCD}.Debug|Any CPU.Build.0 = Debug|Any CPU
		{ACE700C0-E085-4099-B5A5-2DF017CCAFCD}.Release|Any CPU.ActiveCfg = Release|Any CPU
		{ACE700C0-E085-4099-B5A5-2DF017CCAFCD}.Release|Any CPU.Build.0 = Release|Any CPU
		{5E6C84D1-583D-47CA-B5B6-7D8275A33E67}.Debug|Any CPU.ActiveCfg = Debug|Any CPU
		{5E6C84D1-583D-47CA-B5B6-7D8275A33E67}.Debug|Any CPU.Build.0 = Debug|Any CPU
		{5E6C84D1-583D-47CA-B5B6-7D8275A33E67}.Release|Any CPU.ActiveCfg = Release|Any CPU
		{5E6C84D1-583D-47CA-B5B6-7D8275A33E67}.Release|Any CPU.Build.0 = Release|Any CPU
		{62662EB8-C37E-4B06-95EC-773BD6BA8552}.Debug|Any CPU.ActiveCfg = Debug|Any CPU
		{62662EB8-C37E-4B06-95EC-773BD6BA8552}.Debug|Any CPU.Build.0 = Debug|Any CPU
		{62662EB8-C37E-4B06-95EC-773BD6BA8552}.Release|Any CPU.ActiveCfg = Release|Any CPU
		{62662EB8-C37E-4B06-95EC-773BD6BA8552}.Release|Any CPU.Build.0 = Release|Any CPU
		{8FBF1F7E-041C-45B6-8115-B1614B67551D}.Debug|Any CPU.ActiveCfg = Debug|Any CPU
		{8FBF1F7E-041C-45B6-8115-B1614B67551D}.Debug|Any CPU.Build.0 = Debug|Any CPU
		{8FBF1F7E-041C-45B6-8115-B1614B67551D}.Release|Any CPU.ActiveCfg = Release|Any CPU
		{8FBF1F7E-041C-45B6-8115-B1614B67551D}.Release|Any CPU.Build.0 = Release|Any CPU
		{28F2FEA0-03D0-47ED-9DC0-ADEB35F0843D}.Debug|Any CPU.ActiveCfg = Debug|Any CPU
		{28F2FEA0-03D0-47ED-9DC0-ADEB35F0843D}.Debug|Any CPU.Build.0 = Debug|Any CPU
		{28F2FEA0-03D0-47ED-9DC0-ADEB35F0843D}.Release|Any CPU.ActiveCfg = Release|Any CPU
		{28F2FEA0-03D0-47ED-9DC0-ADEB35F0843D}.Release|Any CPU.Build.0 = Release|Any CPU
		{CD11995D-AB02-4546-A42A-4229B2640811}.Debug|Any CPU.ActiveCfg = Debug|Any CPU
		{CD11995D-AB02-4546-A42A-4229B2640811}.Debug|Any CPU.Build.0 = Debug|Any CPU
		{CD11995D-AB02-4546-A42A-4229B2640811}.Release|Any CPU.ActiveCfg = Release|Any CPU
		{CD11995D-AB02-4546-A42A-4229B2640811}.Release|Any CPU.Build.0 = Release|Any CPU
		{0EFFB796-464B-4F37-A77F-D963C3C64B14}.Debug|Any CPU.ActiveCfg = Debug|Any CPU
		{0EFFB796-464B-4F37-A77F-D963C3C64B14}.Debug|Any CPU.Build.0 = Debug|Any CPU
		{0EFFB796-464B-4F37-A77F-D963C3C64B14}.Release|Any CPU.ActiveCfg = Release|Any CPU
		{0EFFB796-464B-4F37-A77F-D963C3C64B14}.Release|Any CPU.Build.0 = Release|Any CPU
		{55CC69F7-A573-45C5-A6FE-DA50C925ECA4}.Debug|Any CPU.ActiveCfg = Debug|Any CPU
		{55CC69F7-A573-45C5-A6FE-DA50C925ECA4}.Debug|Any CPU.Build.0 = Debug|Any CPU
		{55CC69F7-A573-45C5-A6FE-DA50C925ECA4}.Release|Any CPU.ActiveCfg = Release|Any CPU
		{55CC69F7-A573-45C5-A6FE-DA50C925ECA4}.Release|Any CPU.Build.0 = Release|Any CPU
		{C9749579-8D0A-401E-A3E6-6CA008159565}.Debug|Any CPU.ActiveCfg = Debug|Any CPU
		{C9749579-8D0A-401E-A3E6-6CA008159565}.Debug|Any CPU.Build.0 = Debug|Any CPU
		{C9749579-8D0A-401E-A3E6-6CA008159565}.Release|Any CPU.ActiveCfg = Release|Any CPU
		{C9749579-8D0A-401E-A3E6-6CA008159565}.Release|Any CPU.Build.0 = Release|Any CPU
		{C10ADCB6-9D1E-4E9A-959B-64E384C10466}.Debug|Any CPU.ActiveCfg = Debug|Any CPU
		{C10ADCB6-9D1E-4E9A-959B-64E384C10466}.Debug|Any CPU.Build.0 = Debug|Any CPU
		{C10ADCB6-9D1E-4E9A-959B-64E384C10466}.Release|Any CPU.ActiveCfg = Release|Any CPU
		{C10ADCB6-9D1E-4E9A-959B-64E384C10466}.Release|Any CPU.Build.0 = Release|Any CPU
	EndGlobalSection
	GlobalSection(SolutionProperties) = preSolution
		HideSolutionNode = FALSE
	EndGlobalSection
	GlobalSection(NestedProjects) = preSolution
		{581E23E9-9153-4D58-B723-29E3F21490F6} = {5E20A0BF-F5D8-42D6-BEBD-FCB562A23992}
		{ACE700C0-E085-4099-B5A5-2DF017CCAFCD} = {119DC5DF-BDBF-4A6C-A84E-E163E2F99CA1}
		{5E6C84D1-583D-47CA-B5B6-7D8275A33E67} = {119DC5DF-BDBF-4A6C-A84E-E163E2F99CA1}
		{62662EB8-C37E-4B06-95EC-773BD6BA8552} = {B9D9D07E-7321-40FF-8BF2-D2E5E22A226B}
		{8FBF1F7E-041C-45B6-8115-B1614B67551D} = {B9D9D07E-7321-40FF-8BF2-D2E5E22A226B}
		{28F2FEA0-03D0-47ED-9DC0-ADEB35F0843D} = {B9D9D07E-7321-40FF-8BF2-D2E5E22A226B}
		{CD11995D-AB02-4546-A42A-4229B2640811} = {B9D9D07E-7321-40FF-8BF2-D2E5E22A226B}
		{0EFFB796-464B-4F37-A77F-D963C3C64B14} = {7B31C686-AC62-49C4-96C4-15E4A5348A75}
		{55CC69F7-A573-45C5-A6FE-DA50C925ECA4} = {7B31C686-AC62-49C4-96C4-15E4A5348A75}
		{C9749579-8D0A-401E-A3E6-6CA008159565} = {7B31C686-AC62-49C4-96C4-15E4A5348A75}
		{C10ADCB6-9D1E-4E9A-959B-64E384C10466} = {B9D9D07E-7321-40FF-8BF2-D2E5E22A226B}
	EndGlobalSection
	GlobalSection(ExtensibilityGlobals) = postSolution
		SolutionGuid = {E94B5D40-7DCC-4A04-A1AF-A55F3C99D326}
	EndGlobalSection
EndGlobal
